
Microsoft Visual Studio Solution File, Format Version 12.00
# Visual Studio Version 16
VisualStudioVersion = 16.0.30907.101
MinimumVisualStudioVersion = 10.0.40219.1
Project("{FAE04EC0-301F-11D3-BF4B-00C04F79EFBC}") = "FirstAzureAppProject", "FirstAzureAppProject\FirstAzureAppProject.csproj", "{B86F905A-5BE7-430F-8BBD-031817C1238B}"
EndProject
Global
	GlobalSection(SolutionConfigurationPlatforms) = preSolution
		Debug|Any CPU = Debug|Any CPU
		Release|Any CPU = Release|Any CPU
	EndGlobalSection
	GlobalSection(ProjectConfigurationPlatforms) = postSolution
		{B86F905A-5BE7-430F-8BBD-031817C1238B}.Debug|Any CPU.ActiveCfg = Debug|Any CPU
		{B86F905A-5BE7-430F-8BBD-031817C1238B}.Debug|Any CPU.Build.0 = Debug|Any CPU
		{B86F905A-5BE7-430F-8BBD-031817C1238B}.Release|Any CPU.ActiveCfg = Release|Any CPU
		{B86F905A-5BE7-430F-8BBD-031817C1238B}.Release|Any CPU.Build.0 = Release|Any CPU
	EndGlobalSection
	GlobalSection(SolutionProperties) = preSolution
		HideSolutionNode = FALSE
	EndGlobalSection
	GlobalSection(ExtensibilityGlobals) = postSolution
		SolutionGuid = {8E769990-961D-416E-8F33-8E6A0E4BD55C}
	EndGlobalSection
EndGlobal
